// !$*UTF8*$!
{
	archiveVersion = 1;
	classes = {
	};
	objectVersion = 46;
	objects = {

/* Begin PBXBuildFile section */
		84C293A81B58F1C800990BFC /* main.m in Sources */ = {isa = PBXBuildFile; fileRef = 84C293A71B58F1C800990BFC /* main.m */; };
		84C293AB1B58F1C800990BFC /* AppDelegate.m in Sources */ = {isa = PBXBuildFile; fileRef = 84C293AA1B58F1C800990BFC /* AppDelegate.m */; };
		84C293AE1B58F1C800990BFC /* ViewController.m in Sources */ = {isa = PBXBuildFile; fileRef = 84C293AD1B58F1C800990BFC /* ViewController.m */; };
		84C293B11B58F1C800990BFC /* Main.storyboard in Resources */ = {isa = PBXBuildFile; fileRef = 84C293AF1B58F1C800990BFC /* Main.storyboard */; };
		84C293B31B58F1C800990BFC /* Images.xcassets in Resources */ = {isa = PBXBuildFile; fileRef = 84C293B21B58F1C800990BFC /* Images.xcassets */; };
		84C293B61B58F1C800990BFC /* LaunchScreen.xib in Resources */ = {isa = PBXBuildFile; fileRef = 84C293B41B58F1C800990BFC /* LaunchScreen.xib */; };
		84C293C21B58F1C800990BFC /* SortStudy0717Tests.m in Sources */ = {isa = PBXBuildFile; fileRef = 84C293C11B58F1C800990BFC /* SortStudy0717Tests.m */; };
		84C293CD1B58F37C00990BFC /* Person.m in Sources */ = {isa = PBXBuildFile; fileRef = 84C293CC1B58F37C00990BFC /* Person.m */; };
/* End PBXBuildFile section */

/* Begin PBXContainerItemProxy section */
		84C293BC1B58F1C800990BFC /* PBXContainerItemProxy */ = {
			isa = PBXContainerItemProxy;
			containerPortal = 84C2939A1B58F1C800990BFC /* Project object */;
			proxyType = 1;
			remoteGlobalIDString = 84C293A11B58F1C800990BFC;
			remoteInfo = SortStudy0717;
		};
/* End PBXContainerItemProxy section */

/* Begin PBXFileReference section */
		84C293A21B58F1C800990BFC /* SortStudy0717.app */ = {isa = PBXFileReference; explicitFileType = wrapper.application; includeInIndex = 0; path = SortStudy0717.app; sourceTree = BUILT_PRODUCTS_DIR; };
		84C293A61B58F1C800990BFC /* Info.plist */ = {isa = PBXFileReference; lastKnownFileType = text.plist.xml; path = Info.plist; sourceTree = "<group>"; };
		84C293A71B58F1C800990BFC /* main.m */ = {isa = PBXFileReference; lastKnownFileType = sourcecode.c.objc; path = main.m; sourceTree = "<group>"; };
		84C293A91B58F1C800990BFC /* AppDelegate.h */ = {isa = PBXFileReference; lastKnownFileType = sourcecode.c.h; path = AppDelegate.h; sourceTree = "<group>"; };
		84C293AA1B58F1C800990BFC /* AppDelegate.m */ = {isa = PBXFileReference; lastKnownFileType = sourcecode.c.objc; path = AppDelegate.m; sourceTree = "<group>"; };
		84C293AC1B58F1C800990BFC /* ViewController.h */ = {isa = PBXFileReference; lastKnownFileType = sourcecode.c.h; path = ViewController.h; sourceTree = "<group>"; };
		84C293AD1B58F1C800990BFC /* ViewController.m */ = {isa = PBXFileReference; lastKnownFileType = sourcecode.c.objc; path = ViewController.m; sourceTree = "<group>"; };
		84C293B01B58F1C800990BFC /* Base */ = {isa = PBXFileReference; lastKnownFileType = file.storyboard; name = Base; path = Base.lproj/Main.storyboard; sourceTree = "<group>"; };
		84C293B21B58F1C800990BFC /* Images.xcassets */ = {isa = PBXFileReference; lastKnownFileType = folder.assetcatalog; path = Images.xcassets; sourceTree = "<group>"; };
		84C293B51B58F1C800990BFC /* Base */ = {isa = PBXFileReference; lastKnownFileType = file.xib; name = Base; path = Base.lproj/LaunchScreen.xib; sourceTree = "<group>"; };
		84C293BB1B58F1C800990BFC /* SortStudy0717Tests.xctest */ = {isa = PBXFileReference; explicitFileType = wrapper.cfbundle; includeInIndex = 0; path = SortStudy0717Tests.xctest; sourceTree = BUILT_PRODUCTS_DIR; };
		84C293C01B58F1C800990BFC /* Info.plist */ = {isa = PBXFileReference; lastKnownFileType = text.plist.xml; path = Info.plist; sourceTree = "<group>"; };
		84C293C11B58F1C800990BFC /* SortStudy0717Tests.m */ = {isa = PBXFileReference; lastKnownFileType = sourcecode.c.objc; path = SortStudy0717Tests.m; sourceTree = "<group>"; };
		84C293CB1B58F37C00990BFC /* Person.h */ = {isa = PBXFileReference; fileEncoding = 4; lastKnownFileType = sourcecode.c.h; path = Person.h; sourceTree = "<group>"; };
		84C293CC1B58F37C00990BFC /* Person.m */ = {isa = PBXFileReference; fileEncoding = 4; lastKnownFileType = sourcecode.c.objc; path = Person.m; sourceTree = "<group>"; };
/* End PBXFileReference section */

/* Begin PBXFrameworksBuildPhase section */
		84C2939F1B58F1C800990BFC /* Frameworks */ = {
			isa = PBXFrameworksBuildPhase;
			buildActionMask = 2147483647;
			files = (
			);
			runOnlyForDeploymentPostprocessing = 0;
		};
		84C293B81B58F1C800990BFC /* Frameworks */ = {
			isa = PBXFrameworksBuildPhase;
			buildActionMask = 2147483647;
			files = (
			);
			runOnlyForDeploymentPostprocessing = 0;
		};
/* End PBXFrameworksBuildPhase section */

/* Begin PBXGroup section */
		84C293991B58F1C800990BFC = {
			isa = PBXGroup;
			children = (
				84C293A41B58F1C800990BFC /* SortStudy0717 */,
				84C293BE1B58F1C800990BFC /* SortStudy0717Tests */,
				84C293A31B58F1C800990BFC /* Products */,
			);
			sourceTree = "<group>";
		};
		84C293A31B58F1C800990BFC /* Products */ = {
			isa = PBXGroup;
			children = (
				84C293A21B58F1C800990BFC /* SortStudy0717.app */,
				84C293BB1B58F1C800990BFC /* SortStudy0717Tests.xctest */,
			);
			name = Products;
			sourceTree = "<group>";
		};
		84C293A41B58F1C800990BFC /* SortStudy0717 */ = {
			isa = PBXGroup;
			children = (
				84C293A91B58F1C800990BFC /* AppDelegate.h */,
				84C293AA1B58F1C800990BFC /* AppDelegate.m */,
				84C293AC1B58F1C800990BFC /* ViewController.h */,
				84C293AD1B58F1C800990BFC /* ViewController.m */,
				84C293CB1B58F37C00990BFC /* Person.h */,
				84C293CC1B58F37C00990BFC /* Person.m */,
				84C293AF1B58F1C800990BFC /* Main.storyboard */,
				84C293B21B58F1C800990BFC /* Images.xcassets */,
				84C293B41B58F1C800990BFC /* LaunchScreen.xib */,
				84C293A51B58F1C800990BFC /* Supporting Files */,
			);
			path = SortStudy0717;
			sourceTree = "<group>";
		};
		84C293A51B58F1C800990BFC /* Supporting Files */ = {
			isa = PBXGroup;
			children = (
				84C293A61B58F1C800990BFC /* Info.plist */,
				84C293A71B58F1C800990BFC /* main.m */,
			);
			name = "Supporting Files";
			sourceTree = "<group>";
		};
		84C293BE1B58F1C800990BFC /* SortStudy0717Tests */ = {
			isa = PBXGroup;
			children = (
				84C293C11B58F1C800990BFC /* SortStudy0717Tests.m */,
				84C293BF1B58F1C800990BFC /* Supporting Files */,
			);
			path = SortStudy0717Tests;
			sourceTree = "<group>";
		};
		84C293BF1B58F1C800990BFC /* Supporting Files */ = {
			isa = PBXGroup;
			children = (
				84C293C01B58F1C800990BFC /* Info.plist */,
			);
			name = "Supporting Files";
			sourceTree = "<group>";
		};
/* End PBXGroup section */

/* Begin PBXNativeTarget section */
		84C293A11B58F1C800990BFC /* SortStudy0717 */ = {
			isa = PBXNativeTarget;
			buildConfigurationList = 84C293C51B58F1C800990BFC /* Build configuration list for PBXNativeTarget "SortStudy0717" */;
			buildPhases = (
				84C2939E1B58F1C800990BFC /* Sources */,
				84C2939F1B58F1C800990BFC /* Frameworks */,
				84C293A01B58F1C800990BFC /* Resources */,
			);
			buildRules = (
			);
			dependencies = (
			);
			name = SortStudy0717;
			productName = SortStudy0717;
			productReference = 84C293A21B58F1C800990BFC /* SortStudy0717.app */;
			productType = "com.apple.product-type.application";
		};
		84C293BA1B58F1C800990BFC /* SortStudy0717Tests */ = {
			isa = PBXNativeTarget;
			buildConfigurationList = 84C293C81B58F1C800990BFC /* Build configuration list for PBXNativeTarget "SortStudy0717Tests" */;
			buildPhases = (
				84C293B71B58F1C800990BFC /* Sources */,
				84C293B81B58F1C800990BFC /* Frameworks */,
				84C293B91B58F1C800990BFC /* Resources */,
			);
			buildRules = (
			);
			dependencies = (
				84C293BD1B58F1C800990BFC /* PBXTargetDependency */,
			);
			name = SortStudy0717Tests;
			productName = SortStudy0717Tests;
			productReference = 84C293BB1B58F1C800990BFC /* SortStudy0717Tests.xctest */;
			productType = "com.apple.product-type.bundle.unit-test";
		};
/* End PBXNativeTarget section */

/* Begin PBXProject section */
		84C2939A1B58F1C800990BFC /* Project object */ = {
			isa = PBXProject;
			attributes = {
				LastUpgradeCheck = 0640;
				ORGANIZATIONNAME = zy;
				TargetAttributes = {
					84C293A11B58F1C800990BFC = {
						CreatedOnToolsVersion = 6.4;
					};
					84C293BA1B58F1C800990BFC = {
						CreatedOnToolsVersion = 6.4;
						TestTargetID = 84C293A11B58F1C800990BFC;
					};
				};
			};
			buildConfigurationList = 84C2939D1B58F1C800990BFC /* Build configuration list for PBXProject "SortStudy0717" */;
			compatibilityVersion = "Xcode 3.2";
			developmentRegion = English;
			hasScannedForEncodings = 0;
			knownRegions = (
				en,
				Base,
			);
			mainGroup = 84C293991B58F1C800990BFC;
			productRefGroup = 84C293A31B58F1C800990BFC /* Products */;
			projectDirPath = "";
			projectRoot = "";
			targets = (
				84C293A11B58F1C800990BFC /* SortStudy0717 */,
				84C293BA1B58F1C800990BFC /* SortStudy0717Tests */,
			);
		};
/* End PBXProject section */

/* Begin PBXResourcesBuildPhase section */
		84C293A01B58F1C800990BFC /* Resources */ = {
			isa = PBXResourcesBuildPhase;
			buildActionMask = 2147483647;
			files = (
				84C293B11B58F1C800990BFC /* Main.storyboard in Resources */,
				84C293B61B58F1C800990BFC /* LaunchScreen.xib in Resources */,
				84C293B31B58F1C800990BFC /* Images.xcassets in Resources */,
			);
			runOnlyForDeploymentPostprocessing = 0;
		};
		84C293B91B58F1C800990BFC /* Resources */ = {
			isa = PBXResourcesBuildPhase;
			buildActionMask = 2147483647;
			files = (
			);
			runOnlyForDeploymentPostprocessing = 0;
		};
/* End PBXResourcesBuildPhase section */

/* Begin PBXSourcesBuildPhase section */
		84C2939E1B58F1C800990BFC /* Sources */ = {
			isa = PBXSourcesBuildPhase;
			buildActionMask = 2147483647;
			files = (
				84C293AE1B58F1C800990BFC /* ViewController.m in Sources */,
				84C293AB1B58F1C800990BFC /* AppDelegate.m in Sources */,
				84C293CD1B58F37C00990BFC /* Person.m in Sources */,
				84C293A81B58F1C800990BFC /* main.m in Sources */,
			);
			runOnlyForDeploymentPostprocessing = 0;
		};
		84C293B71B58F1C800990BFC /* Sources */ = {
			isa = PBXSourcesBuildPhase;
			buildActionMask = 2147483647;
			files = (
				84C293C21B58F1C800990BFC /* SortStudy0717Tests.m in Sources */,
			);
			runOnlyForDeploymentPostprocessing = 0;
		};
/* End PBXSourcesBuildPhase section */

/* Begin PBXTargetDependency section */
		84C293BD1B58F1C800990BFC /* PBXTargetDependency */ = {
			isa = PBXTargetDependency;
			target = 84C293A11B58F1C800990BFC /* SortStudy0717 */;
			targetProxy = 84C293BC1B58F1C800990BFC /* PBXContainerItemProxy */;
		};
/* End PBXTargetDependency section */

/* Begin PBXVariantGroup section */
		84C293AF1B58F1C800990BFC /* Main.storyboard */ = {
			isa = PBXVariantGroup;
			children = (
				84C293B01B58F1C800990BFC /* Base */,
			);
			name = Main.storyboard;
			sourceTree = "<group>";
		};
		84C293B41B58F1C800990BFC /* LaunchScreen.xib */ = {
			isa = PBXVariantGroup;
			children = (
				84C293B51B58F1C800990BFC /* Base */,
			);
			name = LaunchScreen.xib;
			sourceTree = "<group>";
		};
/* End PBXVariantGroup section */

/* Begin XCBuildConfiguration section */
		84C293C31B58F1C800990BFC /* Debug */ = {
			isa = XCBuildConfiguration;
			buildSettings = {
				ALWAYS_SEARCH_USER_PATHS = NO;
				CLANG_CXX_LANGUAGE_STANDARD = "gnu++0x";
				CLANG_CXX_LIBRARY = "libc++";
				CLANG_ENABLE_MODULES = YES;
				CLANG_ENABLE_OBJC_ARC = YES;
				CLANG_WARN_BOOL_CONVERSION = YES;
				CLANG_WARN_CONSTANT_CONVERSION = YES;
				CLANG_WARN_DIRECT_OBJC_ISA_USAGE = YES_ERROR;
				CLANG_WARN_EMPTY_BODY = YES;
				CLANG_WARN_ENUM_CONVERSION = YES;
				CLANG_WARN_INT_CONVERSION = YES;
				CLANG_WARN_OBJC_ROOT_CLASS = YES_ERROR;
				CLANG_WARN_UNREACHABLE_CODE = YES;
				CLANG_WARN__DUPLICATE_METHOD_MATCH = YES;
				"CODE_SIGN_IDENTITY[sdk=iphoneos*]" = "iPhone Developer";
				COPY_PHASE_STRIP = NO;
				DEBUG_INFORMATION_FORMAT = "dwarf-with-dsym";
				ENABLE_STRICT_OBJC_MSGSEND = YES;
				GCC_C_LANGUAGE_STANDARD = gnu99;
				GCC_DYNAMIC_NO_PIC = NO;
				GCC_NO_COMMON_BLOCKS = YES;
				GCC_OPTIMIZATION_LEVEL = 0;
				GCC_PREPROCESSOR_DEFINITIONS = (
					"DEBUG=1",
					"$(inherited)",
				);
				GCC_SYMBOLS_PRIVATE_EXTERN = NO;
				GCC_WARN_64_TO_32_BIT_CONVERSION = YES;
				GCC_WARN_ABOUT_RETURN_TYPE = YES_ERROR;
				GCC_WARN_UNDECLARED_SELECTOR = YES;
				GCC_WARN_UNINITIALIZED_AUTOS = YES_AGGRESSIVE;
				GCC_WARN_UNUSED_FUNCTION = YES;
				GCC_WARN_UNUSED_VARIABLE = YES;
				IPHONEOS_DEPLOYMENT_TARGET = 8.4;
				MTL_ENABLE_DEBUG_INFO = YES;
				ONLY_ACTIVE_ARCH = YES;
				SDKROOT = iphoneos;
			};
			name = Debug;
		};
		84C293C41B58F1C800990BFC /* Release */ = {
			isa = XCBuildConfiguration;
			buildSettings = {
				ALWAYS_SEARCH_USER_PATHS = NO;
				CLANG_CXX_LANGUAGE_STANDARD = "gnu++0x";
				CLANG_CXX_LIBRARY = "libc++";
				CLANG_ENABLE_MODULES = YES;
				CLANG_ENABLE_OBJC_ARC = YES;
				CLANG_WARN_BOOL_CONVERSION = YES;
				CLANG_WARN_CONSTANT_CONVERSION = YES;
				CLANG_WARN_DIRECT_OBJC_ISA_USAGE = YES_ERROR;
				CLANG_WARN_EMPTY_BODY = YES;
				CLANG_WARN_ENUM_CONVERSION = YES;
				CLANG_WARN_INT_CONVERSION = YES;
				CLANG_WARN_OBJC_ROOT_CLASS = YES_ERROR;
				CLANG_WARN_UNREACHABLE_CODE = YES;
				CLANG_WARN__DUPLICATE_METHOD_MATCH = YES;
				"CODE_SIGN_IDENTITY[sdk=iphoneos*]" = "iPhone Developer";
				COPY_PHASE_STRIP = NO;
				DEBUG_INFORMATION_FORMAT = "dwarf-with-dsym";
				ENABLE_NS_ASSERTIONS = NO;
				ENABLE_STRICT_OBJC_MSGSEND = YES;
				GCC_C_LANGUAGE_STANDARD = gnu99;
				GCC_NO_COMMON_BLOCKS = YES;
				GCC_WARN_64_TO_32_BIT_CONVERSION = YES;
				GCC_WARN_ABOUT_RETURN_TYPE = YES_ERROR;
				GCC_WARN_UNDECLARED_SELECTOR = YES;
				GCC_WARN_UNINITIALIZED_AUTOS = YES_AGGRESSIVE;
				GCC_WARN_UNUSED_FUNCTION = YES;
				GCC_WARN_UNUSED_VARIABLE = YES;
				IPHONEOS_DEPLOYMENT_TARGET = 8.4;
				MTL_ENABLE_DEBUG_INFO = NO;
				SDKROOT = iphoneos;
				VALIDATE_PRODUCT = YES;
			};
			name = Release;
		};
		84C293C61B58F1C800990BFC /* Debug */ = {
			isa = XCBuildConfiguration;
			buildSettings = {
				ASSETCATALOG_COMPILER_APPICON_NAME = AppIcon;
				INFOPLIST_FILE = SortStudy0717/Info.plist;
				LD_RUNPATH_SEARCH_PATHS = "$(inherited) @executable_path/Frameworks";
				PRODUCT_NAME = "$(TARGET_NAME)";
			};
			name = Debug;
		};
		84C293C71B58F1C800990BFC /* Release */ = {
			isa = XCBuildConfiguration;
			buildSettings = {
				ASSETCATALOG_COMPILER_APPICON_NAME = AppIcon;
				INFOPLIST_FILE = SortStudy0717/Info.plist;
				LD_RUNPATH_SEARCH_PATHS = "$(inherited) @executable_path/Frameworks";
				PRODUCT_NAME = "$(TARGET_NAME)";
			};
			name = Release;
		};
		84C293C91B58F1C800990BFC /* Debug */ = {
			isa = XCBuildConfiguration;
			buildSettings = {
				BUNDLE_LOADER = "$(TEST_HOST)";
				FRAMEWORK_SEARCH_PATHS = (
					"$(SDKROOT)/Developer/Library/Frameworks",
					"$(inherited)",
				);
				GCC_PREPROCESSOR_DEFINITIONS = (
					"DEBUG=1",
					"$(inherited)",
				);
				INFOPLIST_FILE = SortStudy0717Tests/Info.plist;
				LD_RUNPATH_SEARCH_PATHS = "$(inherited) @executable_path/Frameworks @loader_path/Frameworks";
				PRODUCT_NAME = "$(TARGET_NAME)";
				TEST_HOST = "$(BUILT_PRODUCTS_DIR)/SortStudy0717.app/SortStudy0717";
			};
			name = Debug;
		};
		84C293CA1B58F1C800990BFC /* Release */ = {
			isa = XCBuildConfiguration;
			buildSettings = {
				BUNDLE_LOADER = "$(TEST_HOST)";
				FRAMEWORK_SEARCH_PATHS = (
					"$(SDKROOT)/Developer/Library/Frameworks",
					"$(inherited)",
				);
				INFOPLIST_FILE = SortStudy0717Tests/Info.plist;
				LD_RUNPATH_SEARCH_PATHS = "$(inherited) @executable_path/Frameworks @loader_path/Frameworks";
				PRODUCT_NAME = "$(TARGET_NAME)";
				TEST_HOST = "$(BUILT_PRODUCTS_DIR)/SortStudy0717.app/SortStudy0717";
			};
			name = Release;
		};
/* End XCBuildConfiguration section */

/* Begin XCConfigurationList section */
		84C2939D1B58F1C800990BFC /* Build configuration list for PBXProject "SortStudy0717" */ = {
			isa = XCConfigurationList;
			buildConfigurations = (
				84C293C31B58F1C800990BFC /* Debug */,
				84C293C41B58F1C800990BFC /* Release */,
			);
			defaultConfigurationIsVisible = 0;
			defaultConfigurationName = Release;
		};
		84C293C51B58F1C800990BFC /* Build configuration list for PBXNativeTarget "SortStudy0717" */ = {
			isa = XCConfigurationList;
			buildConfigurations = (
				84C293C61B58F1C800990BFC /* Debug */,
				84C293C71B58F1C800990BFC /* Release */,
			);
			defaultConfigurationIsVisible = 0;
		};
		84C293C81B58F1C800990BFC /* Build configuration list for PBXNativeTarget "SortStudy0717Tests" */ = {
			isa = XCConfigurationList;
			buildConfigurations = (
				84C293C91B58F1C800990BFC /* Debug */,
				84C293CA1B58F1C800990BFC /* Release */,
			);
			defaultConfigurationIsVisible = 0;
		};
/* End XCConfigurationList section */
	};
	rootObject = 84C2939A1B58F1C800990BFC /* Project object */;
}
